
Microsoft Visual Studio Solution File, Format Version 12.00
# Visual Studio Version 17
VisualStudioVersion = 17.0.32014.148
MinimumVisualStudioVersion = 10.0.40219.1
Project("{FAE04EC0-301F-11D3-BF4B-00C04F79EFBC}") = "Server", "Server\Server.csproj", "{CA8DE2E5-57AA-4F4F-AF20-67065360611F}"
EndProject
Global
	GlobalSection(SolutionConfigurationPlatforms) = preSolution
		Debug|Any CPU = Debug|Any CPU
		Release|Any CPU = Release|Any CPU
	EndGlobalSection
	GlobalSection(ProjectConfigurationPlatforms) = postSolution
		{CA8DE2E5-57AA-4F4F-AF20-67065360611F}.Debug|Any CPU.ActiveCfg = Debug|Any CPU
		{CA8DE2E5-57AA-4F4F-AF20-67065360611F}.Debug|Any CPU.Build.0 = Debug|Any CPU
		{CA8DE2E5-57AA-4F4F-AF20-67065360611F}.Release|Any CPU.ActiveCfg = Release|Any CPU
		{CA8DE2E5-57AA-4F4F-AF20-67065360611F}.Release|Any CPU.Build.0 = Release|Any CPU
	EndGlobalSection
	GlobalSection(SolutionProperties) = preSolution
		HideSolutionNode = FALSE
	EndGlobalSection
	GlobalSection(ExtensibilityGlobals) = postSolution
		SolutionGuid = {8DE571C7-3011-4C44-A41F-1EAEBE54796B}
	EndGlobalSection
EndGlobal
